
Microsoft Visual Studio Solution File, Format Version 12.00
# Visual Studio Version 16
VisualStudioVersion = 16.0.30014.187
MinimumVisualStudioVersion = 10.0.40219.1
Project("{9A19103F-16F7-4668-BE54-9A1E7A4F7556}") = "LocSampleResources", "LocSampleResources.csproj", "{15A9DE42-8A18-4D7B-B2B0-202A622713DD}"
EndProject
Global
	GlobalSection(SolutionConfigurationPlatforms) = preSolution
		Debug|Any CPU = Debug|Any CPU
		Release|Any CPU = Release|Any CPU
	EndGlobalSection
	GlobalSection(ProjectConfigurationPlatforms) = postSolution
		{15A9DE42-8A18-4D7B-B2B0-202A622713DD}.Debug|Any CPU.ActiveCfg = Debug|Any CPU
		{15A9DE42-8A18-4D7B-B2B0-202A622713DD}.Debug|Any CPU.Build.0 = Debug|Any CPU
		{15A9DE42-8A18-4D7B-B2B0-202A622713DD}.Release|Any CPU.ActiveCfg = Release|Any CPU
		{15A9DE42-8A18-4D7B-B2B0-202A622713DD}.Release|Any CPU.Build.0 = Release|Any CPU
	EndGlobalSection
	GlobalSection(SolutionProperties) = preSolution
		HideSolutionNode = FALSE
	EndGlobalSection
	GlobalSection(ExtensibilityGlobals) = postSolution
		SolutionGuid = {0086C0CE-05A3-4C44-8A07-F5BB339B70E2}
	EndGlobalSection
EndGlobal
